// !$*UTF8*$!
{
	archiveVersion = 1;
	classes = {
	};
	objectVersion = 50;
	objects = {

/* Begin PBXBuildFile section */
		9CB532A421C3D7C9006E4332 /* AppDelegate.swift in Sources */ = {isa = PBXBuildFile; fileRef = 9CB532A321C3D7C9006E4332 /* AppDelegate.swift */; };
		9CB532A621C3D7C9006E4332 /* ViewController.swift in Sources */ = {isa = PBXBuildFile; fileRef = 9CB532A521C3D7C9006E4332 /* ViewController.swift */; };
		9CB532A921C3D7C9006E4332 /* Main.storyboard in Resources */ = {isa = PBXBuildFile; fileRef = 9CB532A721C3D7C9006E4332 /* Main.storyboard */; };
		9CB532AB21C3D7CB006E4332 /* Assets.xcassets in Resources */ = {isa = PBXBuildFile; fileRef = 9CB532AA21C3D7CB006E4332 /* Assets.xcassets */; };
		9CB532AE21C3D7CB006E4332 /* LaunchScreen.storyboard in Resources */ = {isa = PBXBuildFile; fileRef = 9CB532AC21C3D7CB006E4332 /* LaunchScreen.storyboard */; };
		9CB532B921C3D7CB006E4332 /* Dec_14thTests.swift in Sources */ = {isa = PBXBuildFile; fileRef = 9CB532B821C3D7CB006E4332 /* Dec_14thTests.swift */; };
		9CB532C421C3D7CB006E4332 /* Dec_14thUITests.swift in Sources */ = {isa = PBXBuildFile; fileRef = 9CB532C321C3D7CB006E4332 /* Dec_14thUITests.swift */; };
/* End PBXBuildFile section */

/* Begin PBXContainerItemProxy section */
		9CB532B521C3D7CB006E4332 /* PBXContainerItemProxy */ = {
			isa = PBXContainerItemProxy;
			containerPortal = 9CB5329821C3D7C9006E4332 /* Project object */;
			proxyType = 1;
			remoteGlobalIDString = 9CB5329F21C3D7C9006E4332;
			remoteInfo = Dec.14th;
		};
		9CB532C021C3D7CB006E4332 /* PBXContainerItemProxy */ = {
			isa = PBXContainerItemProxy;
			containerPortal = 9CB5329821C3D7C9006E4332 /* Project object */;
			proxyType = 1;
			remoteGlobalIDString = 9CB5329F21C3D7C9006E4332;
			remoteInfo = Dec.14th;
		};
/* End PBXContainerItemProxy section */

/* Begin PBXFileReference section */
		9CB532A021C3D7C9006E4332 /* Dec.14th.app */ = {isa = PBXFileReference; explicitFileType = wrapper.application; includeInIndex = 0; path = Dec.14th.app; sourceTree = BUILT_PRODUCTS_DIR; };
		9CB532A321C3D7C9006E4332 /* AppDelegate.swift */ = {isa = PBXFileReference; lastKnownFileType = sourcecode.swift; path = AppDelegate.swift; sourceTree = "<group>"; };
		9CB532A521C3D7C9006E4332 /* ViewController.swift */ = {isa = PBXFileReference; lastKnownFileType = sourcecode.swift; path = ViewController.swift; sourceTree = "<group>"; };
		9CB532A821C3D7C9006E4332 /* Base */ = {isa = PBXFileReference; lastKnownFileType = file.storyboard; name = Base; path = Base.lproj/Main.storyboard; sourceTree = "<group>"; };
		9CB532AA21C3D7CB006E4332 /* Assets.xcassets */ = {isa = PBXFileReference; lastKnownFileType = folder.assetcatalog; path = Assets.xcassets; sourceTree = "<group>"; };
		9CB532AD21C3D7CB006E4332 /* Base */ = {isa = PBXFileReference; lastKnownFileType = file.storyboard; name = Base; path = Base.lproj/LaunchScreen.storyboard; sourceTree = "<group>"; };
		9CB532AF21C3D7CB006E4332 /* Info.plist */ = {isa = PBXFileReference; lastKnownFileType = text.plist.xml; path = Info.plist; sourceTree = "<group>"; };
		9CB532B421C3D7CB006E4332 /* Dec.14thTests.xctest */ = {isa = PBXFileReference; explicitFileType = wrapper.cfbundle; includeInIndex = 0; path = Dec.14thTests.xctest; sourceTree = BUILT_PRODUCTS_DIR; };
		9CB532B821C3D7CB006E4332 /* Dec_14thTests.swift */ = {isa = PBXFileReference; lastKnownFileType = sourcecode.swift; path = Dec_14thTests.swift; sourceTree = "<group>"; };
		9CB532BA21C3D7CB006E4332 /* Info.plist */ = {isa = PBXFileReference; lastKnownFileType = text.plist.xml; path = Info.plist; sourceTree = "<group>"; };
		9CB532BF21C3D7CB006E4332 /* Dec.14thUITests.xctest */ = {isa = PBXFileReference; explicitFileType = wrapper.cfbundle; includeInIndex = 0; path = Dec.14thUITests.xctest; sourceTree = BUILT_PRODUCTS_DIR; };
		9CB532C321C3D7CB006E4332 /* Dec_14thUITests.swift */ = {isa = PBXFileReference; lastKnownFileType = sourcecode.swift; path = Dec_14thUITests.swift; sourceTree = "<group>"; };
		9CB532C521C3D7CB006E4332 /* Info.plist */ = {isa = PBXFileReference; lastKnownFileType = text.plist.xml; path = Info.plist; sourceTree = "<group>"; };
/* End PBXFileReference section */

/* Begin PBXFrameworksBuildPhase section */
		9CB5329D21C3D7C9006E4332 /* Frameworks */ = {
			isa = PBXFrameworksBuildPhase;
			buildActionMask = 2147483647;
			files = (
			);
			runOnlyForDeploymentPostprocessing = 0;
		};
		9CB532B121C3D7CB006E4332 /* Frameworks */ = {
			isa = PBXFrameworksBuildPhase;
			buildActionMask = 2147483647;
			files = (
			);
			runOnlyForDeploymentPostprocessing = 0;
		};
		9CB532BC21C3D7CB006E4332 /* Frameworks */ = {
			isa = PBXFrameworksBuildPhase;
			buildActionMask = 2147483647;
			files = (
			);
			runOnlyForDeploymentPostprocessing = 0;
		};
/* End PBXFrameworksBuildPhase section */

/* Begin PBXGroup section */
		9CB5329721C3D7C9006E4332 = {
			isa = PBXGroup;
			children = (
				9CB532A221C3D7C9006E4332 /* Dec.14th */,
				9CB532B721C3D7CB006E4332 /* Dec.14thTests */,
				9CB532C221C3D7CB006E4332 /* Dec.14thUITests */,
				9CB532A121C3D7C9006E4332 /* Products */,
			);
			sourceTree = "<group>";
		};
		9CB532A121C3D7C9006E4332 /* Products */ = {
			isa = PBXGroup;
			children = (
				9CB532A021C3D7C9006E4332 /* Dec.14th.app */,
				9CB532B421C3D7CB006E4332 /* Dec.14thTests.xctest */,
				9CB532BF21C3D7CB006E4332 /* Dec.14thUITests.xctest */,
			);
			name = Products;
			sourceTree = "<group>";
		};
		9CB532A221C3D7C9006E4332 /* Dec.14th */ = {
			isa = PBXGroup;
			children = (
				9CB532A321C3D7C9006E4332 /* AppDelegate.swift */,
				9CB532A521C3D7C9006E4332 /* ViewController.swift */,
				9CB532A721C3D7C9006E4332 /* Main.storyboard */,
				9CB532AA21C3D7CB006E4332 /* Assets.xcassets */,
				9CB532AC21C3D7CB006E4332 /* LaunchScreen.storyboard */,
				9CB532AF21C3D7CB006E4332 /* Info.plist */,
			);
			path = Dec.14th;
			sourceTree = "<group>";
		};
		9CB532B721C3D7CB006E4332 /* Dec.14thTests */ = {
			isa = PBXGroup;
			children = (
				9CB532B821C3D7CB006E4332 /* Dec_14thTests.swift */,
				9CB532BA21C3D7CB006E4332 /* Info.plist */,
			);
			path = Dec.14thTests;
			sourceTree = "<group>";
		};
		9CB532C221C3D7CB006E4332 /* Dec.14thUITests */ = {
			isa = PBXGroup;
			children = (
				9CB532C321C3D7CB006E4332 /* Dec_14thUITests.swift */,
				9CB532C521C3D7CB006E4332 /* Info.plist */,
			);
			path = Dec.14thUITests;
			sourceTree = "<group>";
		};
/* End PBXGroup section */

/* Begin PBXNativeTarget section */
		9CB5329F21C3D7C9006E4332 /* Dec.14th */ = {
			isa = PBXNativeTarget;
			buildConfigurationList = 9CB532C821C3D7CB006E4332 /* Build configuration list for PBXNativeTarget "Dec.14th" */;
			buildPhases = (
				9CB5329C21C3D7C9006E4332 /* Sources */,
				9CB5329D21C3D7C9006E4332 /* Frameworks */,
				9CB5329E21C3D7C9006E4332 /* Resources */,
			);
			buildRules = (
			);
			dependencies = (
			);
			name = Dec.14th;
			productName = Dec.14th;
			productReference = 9CB532A021C3D7C9006E4332 /* Dec.14th.app */;
			productType = "com.apple.product-type.application";
		};
		9CB532B321C3D7CB006E4332 /* Dec.14thTests */ = {
			isa = PBXNativeTarget;
			buildConfigurationList = 9CB532CB21C3D7CB006E4332 /* Build configuration list for PBXNativeTarget "Dec.14thTests" */;
			buildPhases = (
				9CB532B021C3D7CB006E4332 /* Sources */,
				9CB532B121C3D7CB006E4332 /* Frameworks */,
				9CB532B221C3D7CB006E4332 /* Resources */,
			);
			buildRules = (
			);
			dependencies = (
				9CB532B621C3D7CB006E4332 /* PBXTargetDependency */,
			);
			name = Dec.14thTests;
			productName = Dec.14thTests;
			productReference = 9CB532B421C3D7CB006E4332 /* Dec.14thTests.xctest */;
			productType = "com.apple.product-type.bundle.unit-test";
		};
		9CB532BE21C3D7CB006E4332 /* Dec.14thUITests */ = {
			isa = PBXNativeTarget;
			buildConfigurationList = 9CB532CE21C3D7CB006E4332 /* Build configuration list for PBXNativeTarget "Dec.14thUITests" */;
			buildPhases = (
				9CB532BB21C3D7CB006E4332 /* Sources */,
				9CB532BC21C3D7CB006E4332 /* Frameworks */,
				9CB532BD21C3D7CB006E4332 /* Resources */,
			);
			buildRules = (
			);
			dependencies = (
				9CB532C121C3D7CB006E4332 /* PBXTargetDependency */,
			);
			name = Dec.14thUITests;
			productName = Dec.14thUITests;
			productReference = 9CB532BF21C3D7CB006E4332 /* Dec.14thUITests.xctest */;
			productType = "com.apple.product-type.bundle.ui-testing";
		};
/* End PBXNativeTarget section */

/* Begin PBXProject section */
		9CB5329821C3D7C9006E4332 /* Project object */ = {
			isa = PBXProject;
			attributes = {
				LastSwiftUpdateCheck = 1010;
				LastUpgradeCheck = 1010;
				ORGANIZATIONNAME = s20171103194;
				TargetAttributes = {
					9CB5329F21C3D7C9006E4332 = {
						CreatedOnToolsVersion = 10.1;
					};
					9CB532B321C3D7CB006E4332 = {
						CreatedOnToolsVersion = 10.1;
						TestTargetID = 9CB5329F21C3D7C9006E4332;
					};
					9CB532BE21C3D7CB006E4332 = {
						CreatedOnToolsVersion = 10.1;
						TestTargetID = 9CB5329F21C3D7C9006E4332;
					};
				};
			};
			buildConfigurationList = 9CB5329B21C3D7C9006E4332 /* Build configuration list for PBXProject "Dec.14th" */;
			compatibilityVersion = "Xcode 9.3";
			developmentRegion = en;
			hasScannedForEncodings = 0;
			knownRegions = (
				en,
				Base,
			);
			mainGroup = 9CB5329721C3D7C9006E4332;
			productRefGroup = 9CB532A121C3D7C9006E4332 /* Products */;
			projectDirPath = "";
			projectRoot = "";
			targets = (
				9CB5329F21C3D7C9006E4332 /* Dec.14th */,
				9CB532B321C3D7CB006E4332 /* Dec.14thTests */,
				9CB532BE21C3D7CB006E4332 /* Dec.14thUITests */,
			);
		};
/* End PBXProject section */

/* Begin PBXResourcesBuildPhase section */
		9CB5329E21C3D7C9006E4332 /* Resources */ = {
			isa = PBXResourcesBuildPhase;
			buildActionMask = 2147483647;
			files = (
				9CB532AE21C3D7CB006E4332 /* LaunchScreen.storyboard in Resources */,
				9CB532AB21C3D7CB006E4332 /* Assets.xcassets in Resources */,
				9CB532A921C3D7C9006E4332 /* Main.storyboard in Resources */,
			);
			runOnlyForDeploymentPostprocessing = 0;
		};
		9CB532B221C3D7CB006E4332 /* Resources */ = {
			isa = PBXResourcesBuildPhase;
			buildActionMask = 2147483647;
			files = (
			);
			runOnlyForDeploymentPostprocessing = 0;
		};
		9CB532BD21C3D7CB006E4332 /* Resources */ = {
			isa = PBXResourcesBuildPhase;
			buildActionMask = 2147483647;
			files = (
			);
			runOnlyForDeploymentPostprocessing = 0;
		};
/* End PBXResourcesBuildPhase section */

/* Begin PBXSourcesBuildPhase section */
		9CB5329C21C3D7C9006E4332 /* Sources */ = {
			isa = PBXSourcesBuildPhase;
			buildActionMask = 2147483647;
			files = (
				9CB532A621C3D7C9006E4332 /* ViewController.swift in Sources */,
				9CB532A421C3D7C9006E4332 /* AppDelegate.swift in Sources */,
			);
			runOnlyForDeploymentPostprocessing = 0;
		};
		9CB532B021C3D7CB006E4332 /* Sources */ = {
			isa = PBXSourcesBuildPhase;
			buildActionMask = 2147483647;
			files = (
				9CB532B921C3D7CB006E4332 /* Dec_14thTests.swift in Sources */,
			);
			runOnlyForDeploymentPostprocessing = 0;
		};
		9CB532BB21C3D7CB006E4332 /* Sources */ = {
			isa = PBXSourcesBuildPhase;
			buildActionMask = 2147483647;
			files = (
				9CB532C421C3D7CB006E4332 /* Dec_14thUITests.swift in Sources */,
			);
			runOnlyForDeploymentPostprocessing = 0;
		};
/* End PBXSourcesBuildPhase section */

/* Begin PBXTargetDependency section */
		9CB532B621C3D7CB006E4332 /* PBXTargetDependency */ = {
			isa = PBXTargetDependency;
			target = 9CB5329F21C3D7C9006E4332 /* Dec.14th */;
			targetProxy = 9CB532B521C3D7CB006E4332 /* PBXContainerItemProxy */;
		};
		9CB532C121C3D7CB006E4332 /* PBXTargetDependency */ = {
			isa = PBXTargetDependency;
			target = 9CB5329F21C3D7C9006E4332 /* Dec.14th */;
			targetProxy = 9CB532C021C3D7CB006E4332 /* PBXContainerItemProxy */;
		};
/* End PBXTargetDependency section */

/* Begin PBXVariantGroup section */
		9CB532A721C3D7C9006E4332 /* Main.storyboard */ = {
			isa = PBXVariantGroup;
			children = (
				9CB532A821C3D7C9006E4332 /* Base */,
			);
			name = Main.storyboard;
			sourceTree = "<group>";
		};
		9CB532AC21C3D7CB006E4332 /* LaunchScreen.storyboard */ = {
			isa = PBXVariantGroup;
			children = (
				9CB532AD21C3D7CB006E4332 /* Base */,
			);
			name = LaunchScreen.storyboard;
			sourceTree = "<group>";
		};
/* End PBXVariantGroup section */

/* Begin XCBuildConfiguration section */
		9CB532C621C3D7CB006E4332 /* Debug */ = {
			isa = XCBuildConfiguration;
			buildSettings = {
				ALWAYS_SEARCH_USER_PATHS = NO;
				CLANG_ANALYZER_NONNULL = YES;
				CLANG_ANALYZER_NUMBER_OBJECT_CONVERSION = YES_AGGRESSIVE;
				CLANG_CXX_LANGUAGE_STANDARD = "gnu++14";
				CLANG_CXX_LIBRARY = "libc++";
				CLANG_ENABLE_MODULES = YES;
				CLANG_ENABLE_OBJC_ARC = YES;
				CLANG_ENABLE_OBJC_WEAK = YES;
				CLANG_WARN_BLOCK_CAPTURE_AUTORELEASING = YES;
				CLANG_WARN_BOOL_CONVERSION = YES;
				CLANG_WARN_COMMA = YES;
				CLANG_WARN_CONSTANT_CONVERSION = YES;
				CLANG_WARN_DEPRECATED_OBJC_IMPLEMENTATIONS = YES;
				CLANG_WARN_DIRECT_OBJC_ISA_USAGE = YES_ERROR;
				CLANG_WARN_DOCUMENTATION_COMMENTS = YES;
				CLANG_WARN_EMPTY_BODY = YES;
				CLANG_WARN_ENUM_CONVERSION = YES;
				CLANG_WARN_INFINITE_RECURSION = YES;
				CLANG_WARN_INT_CONVERSION = YES;
				CLANG_WARN_NON_LITERAL_NULL_CONVERSION = YES;
				CLANG_WARN_OBJC_IMPLICIT_RETAIN_SELF = YES;
				CLANG_WARN_OBJC_LITERAL_CONVERSION = YES;
				CLANG_WARN_OBJC_ROOT_CLASS = YES_ERROR;
				CLANG_WARN_RANGE_LOOP_ANALYSIS = YES;
				CLANG_WARN_STRICT_PROTOTYPES = YES;
				CLANG_WARN_SUSPICIOUS_MOVE = YES;
				CLANG_WARN_UNGUARDED_AVAILABILITY = YES_AGGRESSIVE;
				CLANG_WARN_UNREACHABLE_CODE = YES;
				CLANG_WARN__DUPLICATE_METHOD_MATCH = YES;
				CODE_SIGN_IDENTITY = "iPhone Developer";
				COPY_PHASE_STRIP = NO;
				DEBUG_INFORMATION_FORMAT = dwarf;
				ENABLE_STRICT_OBJC_MSGSEND = YES;
				ENABLE_TESTABILITY = YES;
				GCC_C_LANGUAGE_STANDARD = gnu11;
				GCC_DYNAMIC_NO_PIC = NO;
				GCC_NO_COMMON_BLOCKS = YES;
				GCC_OPTIMIZATION_LEVEL = 0;
				GCC_PREPROCESSOR_DEFINITIONS = (
					"DEBUG=1",
					"$(inherited)",
				);
				GCC_WARN_64_TO_32_BIT_CONVERSION = YES;
				GCC_WARN_ABOUT_RETURN_TYPE = YES_ERROR;
				GCC_WARN_UNDECLARED_SELECTOR = YES;
				GCC_WARN_UNINITIALIZED_AUTOS = YES_AGGRESSIVE;
				GCC_WARN_UNUSED_FUNCTION = YES;
				GCC_WARN_UNUSED_VARIABLE = YES;
				IPHONEOS_DEPLOYMENT_TARGET = 12.1;
				MTL_ENABLE_DEBUG_INFO = INCLUDE_SOURCE;
				MTL_FAST_MATH = YES;
				ONLY_ACTIVE_ARCH = YES;
				SDKROOT = iphoneos;
				SWIFT_ACTIVE_COMPILATION_CONDITIONS = DEBUG;
				SWIFT_OPTIMIZATION_LEVEL = "-Onone";
			};
			name = Debug;
		};
		9CB532C721C3D7CB006E4332 /* Release */ = {
			isa = XCBuildConfiguration;
			buildSettings = {
				ALWAYS_SEARCH_USER_PATHS = NO;
				CLANG_ANALYZER_NONNULL = YES;
				CLANG_ANALYZER_NUMBER_OBJECT_CONVERSION = YES_AGGRESSIVE;
				CLANG_CXX_LANGUAGE_STANDARD = "gnu++14";
				CLANG_CXX_LIBRARY = "libc++";
				CLANG_ENABLE_MODULES = YES;
				CLANG_ENABLE_OBJC_ARC = YES;
				CLANG_ENABLE_OBJC_WEAK = YES;
				CLANG_WARN_BLOCK_CAPTURE_AUTORELEASING = YES;
				CLANG_WARN_BOOL_CONVERSION = YES;
				CLANG_WARN_COMMA = YES;
				CLANG_WARN_CONSTANT_CONVERSION = YES;
				CLANG_WARN_DEPRECATED_OBJC_IMPLEMENTATIONS = YES;
				CLANG_WARN_DIRECT_OBJC_ISA_USAGE = YES_ERROR;
				CLANG_WARN_DOCUMENTATION_COMMENTS = YES;
				CLANG_WARN_EMPTY_BODY = YES;
				CLANG_WARN_ENUM_CONVERSION = YES;
				CLANG_WARN_INFINITE_RECURSION = YES;
				CLANG_WARN_INT_CONVERSION = YES;
				CLANG_WARN_NON_LITERAL_NULL_CONVERSION = YES;
				CLANG_WARN_OBJC_IMPLICIT_RETAIN_SELF = YES;
				CLANG_WARN_OBJC_LITERAL_CONVERSION = YES;
				CLANG_WARN_OBJC_ROOT_CLASS = YES_ERROR;
				CLANG_WARN_RANGE_LOOP_ANALYSIS = YES;
				CLANG_WARN_STRICT_PROTOTYPES = YES;
				CLANG_WARN_SUSPICIOUS_MOVE = YES;
				CLANG_WARN_UNGUARDED_AVAILABILITY = YES_AGGRESSIVE;
				CLANG_WARN_UNREACHABLE_CODE = YES;
				CLANG_WARN__DUPLICATE_METHOD_MATCH = YES;
				CODE_SIGN_IDENTITY = "iPhone Developer";
				COPY_PHASE_STRIP = NO;
				DEBUG_INFORMATION_FORMAT = "dwarf-with-dsym";
				ENABLE_NS_ASSERTIONS = NO;
				ENABLE_STRICT_OBJC_MSGSEND = YES;
				GCC_C_LANGUAGE_STANDARD = gnu11;
				GCC_NO_COMMON_BLOCKS = YES;
				GCC_WARN_64_TO_32_BIT_CONVERSION = YES;
				GCC_WARN_ABOUT_RETURN_TYPE = YES_ERROR;
				GCC_WARN_UNDECLARED_SELECTOR = YES;
				GCC_WARN_UNINITIALIZED_AUTOS = YES_AGGRESSIVE;
				GCC_WARN_UNUSED_FUNCTION = YES;
				GCC_WARN_UNUSED_VARIABLE = YES;
				IPHONEOS_DEPLOYMENT_TARGET = 12.1;
				MTL_ENABLE_DEBUG_INFO = NO;
				MTL_FAST_MATH = YES;
				SDKROOT = iphoneos;
				SWIFT_COMPILATION_MODE = wholemodule;
				SWIFT_OPTIMIZATION_LEVEL = "-O";
				VALIDATE_PRODUCT = YES;
			};
			name = Release;
		};
		9CB532C921C3D7CB006E4332 /* Debug */ = {
			isa = XCBuildConfiguration;
			buildSettings = {
				ASSETCATALOG_COMPILER_APPICON_NAME = AppIcon;
				CODE_SIGN_STYLE = Automatic;
				INFOPLIST_FILE = Dec.14th/Info.plist;
				LD_RUNPATH_SEARCH_PATHS = (
					"$(inherited)",
					"@executable_path/Frameworks",
				);
				PRODUCT_BUNDLE_IDENTIFIER = "com.Dec-14th";
				PRODUCT_NAME = "$(TARGET_NAME)";
				SWIFT_VERSION = 4.2;
				TARGETED_DEVICE_FAMILY = "1,2";
			};
			name = Debug;
		};
		9CB532CA21C3D7CB006E4332 /* Release */ = {
			isa = XCBuildConfiguration;
			buildSettings = {
				ASSETCATALOG_COMPILER_APPICON_NAME = AppIcon;
				CODE_SIGN_STYLE = Automatic;
				INFOPLIST_FILE = Dec.14th/Info.plist;
				LD_RUNPATH_SEARCH_PATHS = (
					"$(inherited)",
					"@executable_path/Frameworks",
				);
				PRODUCT_BUNDLE_IDENTIFIER = "com.Dec-14th";
				PRODUCT_NAME = "$(TARGET_NAME)";
				SWIFT_VERSION = 4.2;
				TARGETED_DEVICE_FAMILY = "1,2";
			};
			name = Release;
		};
		9CB532CC21C3D7CB006E4332 /* Debug */ = {
			isa = XCBuildConfiguration;
			buildSettings = {
				ALWAYS_EMBED_SWIFT_STANDARD_LIBRARIES = YES;
				BUNDLE_LOADER = "$(TEST_HOST)";
				CODE_SIGN_STYLE = Automatic;
				INFOPLIST_FILE = Dec.14thTests/Info.plist;
				LD_RUNPATH_SEARCH_PATHS = (
					"$(inherited)",
					"@executable_path/Frameworks",
					"@loader_path/Frameworks",
				);
				PRODUCT_BUNDLE_IDENTIFIER = "com.Dec-14thTests";
				PRODUCT_NAME = "$(TARGET_NAME)";
				SWIFT_VERSION = 4.2;
				TARGETED_DEVICE_FAMILY = "1,2";
				TEST_HOST = "$(BUILT_PRODUCTS_DIR)/Dec.14th.app/Dec.14th";
			};
			name = Debug;
		};
		9CB532CD21C3D7CB006E4332 /* Release */ = {
			isa = XCBuildConfiguration;
			buildSettings = {
				ALWAYS_EMBED_SWIFT_STANDARD_LIBRARIES = YES;
				BUNDLE_LOADER = "$(TEST_HOST)";
				CODE_SIGN_STYLE = Automatic;
				INFOPLIST_FILE = Dec.14thTests/Info.plist;
				LD_RUNPATH_SEARCH_PATHS = (
					"$(inherited)",
					"@executable_path/Frameworks",
					"@loader_path/Frameworks",
				);
				PRODUCT_BUNDLE_IDENTIFIER = "com.Dec-14thTests";
				PRODUCT_NAME = "$(TARGET_NAME)";
				SWIFT_VERSION = 4.2;
				TARGETED_DEVICE_FAMILY = "1,2";
				TEST_HOST = "$(BUILT_PRODUCTS_DIR)/Dec.14th.app/Dec.14th";
			};
			name = Release;
		};
		9CB532CF21C3D7CB006E4332 /* Debug */ = {
			isa = XCBuildConfiguration;
			buildSettings = {
				ALWAYS_EMBED_SWIFT_STANDARD_LIBRARIES = YES;
				CODE_SIGN_STYLE = Automatic;
				INFOPLIST_FILE = Dec.14thUITests/Info.plist;
				LD_RUNPATH_SEARCH_PATHS = (
					"$(inherited)",
					"@executable_path/Frameworks",
					"@loader_path/Frameworks",
				);
				PRODUCT_BUNDLE_IDENTIFIER = "com.Dec-14thUITests";
				PRODUCT_NAME = "$(TARGET_NAME)";
				SWIFT_VERSION = 4.2;
				TARGETED_DEVICE_FAMILY = "1,2";
				TEST_TARGET_NAME = Dec.14th;
			};
			name = Debug;
		};
		9CB532D021C3D7CB006E4332 /* Release */ = {
			isa = XCBuildConfiguration;
			buildSettings = {
				ALWAYS_EMBED_SWIFT_STANDARD_LIBRARIES = YES;
				CODE_SIGN_STYLE = Automatic;
				INFOPLIST_FILE = Dec.14thUITests/Info.plist;
				LD_RUNPATH_SEARCH_PATHS = (
					"$(inherited)",
					"@executable_path/Frameworks",
					"@loader_path/Frameworks",
				);
				PRODUCT_BUNDLE_IDENTIFIER = "com.Dec-14thUITests";
				PRODUCT_NAME = "$(TARGET_NAME)";
				SWIFT_VERSION = 4.2;
				TARGETED_DEVICE_FAMILY = "1,2";
				TEST_TARGET_NAME = Dec.14th;
			};
			name = Release;
		};
/* End XCBuildConfiguration section */

/* Begin XCConfigurationList section */
		9CB5329B21C3D7C9006E4332 /* Build configuration list for PBXProject "Dec.14th" */ = {
			isa = XCConfigurationList;
			buildConfigurations = (
				9CB532C621C3D7CB006E4332 /* Debug */,
				9CB532C721C3D7CB006E4332 /* Release */,
			);
			defaultConfigurationIsVisible = 0;
			defaultConfigurationName = Release;
		};
		9CB532C821C3D7CB006E4332 /* Build configuration list for PBXNativeTarget "Dec.14th" */ = {
			isa = XCConfigurationList;
			buildConfigurations = (
				9CB532C921C3D7CB006E4332 /* Debug */,
				9CB532CA21C3D7CB006E4332 /* Release */,
			);
			defaultConfigurationIsVisible = 0;
			defaultConfigurationName = Release;
		};
		9CB532CB21C3D7CB006E4332 /* Build configuration list for PBXNativeTarget "Dec.14thTests" */ = {
			isa = XCConfigurationList;
			buildConfigurations = (
				9CB532CC21C3D7CB006E4332 /* Debug */,
				9CB532CD21C3D7CB006E4332 /* Release */,
			);
			defaultConfigurationIsVisible = 0;
			defaultConfigurationName = Release;
		};
		9CB532CE21C3D7CB006E4332 /* Build configuration list for PBXNativeTarget "Dec.14thUITests" */ = {
			isa = XCConfigurationList;
			buildConfigurations = (
				9CB532CF21C3D7CB006E4332 /* Debug */,
				9CB532D021C3D7CB006E4332 /* Release */,
			);
			defaultConfigurationIsVisible = 0;
			defaultConfigurationName = Release;
		};
/* End XCConfigurationList section */
	};
	rootObject = 9CB5329821C3D7C9006E4332 /* Project object */;
}
